
Microsoft Visual Studio Solution File, Format Version 12.00
# Visual Studio Version 16
VisualStudioVersion = 16.0.32228.343
MinimumVisualStudioVersion = 10.0.40219.1
Project("{9A19103F-16F7-4668-BE54-9A1E7A4F7556}") = "C_school_opdrachten", "C#_school_opdrachten\C_school_opdrachten.csproj", "{DCAC3A5C-B1B2-4425-AB85-43C6C90F6EB5}"
EndProject
Global
	GlobalSection(SolutionConfigurationPlatforms) = preSolution
		Debug|Any CPU = Debug|Any CPU
		Release|Any CPU = Release|Any CPU
	EndGlobalSection
	GlobalSection(ProjectConfigurationPlatforms) = postSolution
		{DCAC3A5C-B1B2-4425-AB85-43C6C90F6EB5}.Debug|Any CPU.ActiveCfg = Debug|Any CPU
		{DCAC3A5C-B1B2-4425-AB85-43C6C90F6EB5}.Debug|Any CPU.Build.0 = Debug|Any CPU
		{DCAC3A5C-B1B2-4425-AB85-43C6C90F6EB5}.Release|Any CPU.ActiveCfg = Release|Any CPU
		{DCAC3A5C-B1B2-4425-AB85-43C6C90F6EB5}.Release|Any CPU.Build.0 = Release|Any CPU
	EndGlobalSection
	GlobalSection(SolutionProperties) = preSolution
		HideSolutionNode = FALSE
	EndGlobalSection
	GlobalSection(ExtensibilityGlobals) = postSolution
		SolutionGuid = {BC63AD76-980B-40C1-9373-FC564F2484D4}
	EndGlobalSection
EndGlobal
